// !$*UTF8*$!
{
	archiveVersion = 1;
	classes = {
	};
	objectVersion = 55;
	objects = {

/* Begin PBXBuildFile section */
		060CA8DC285228E50053196E /* AppDelegate.swift in Sources */ = {isa = PBXBuildFile; fileRef = 060CA8DB285228E50053196E /* AppDelegate.swift */; };
		060CA8DE285228E50053196E /* SceneDelegate.swift in Sources */ = {isa = PBXBuildFile; fileRef = 060CA8DD285228E50053196E /* SceneDelegate.swift */; };
		060CA8E0285228E50053196E /* ViewController.swift in Sources */ = {isa = PBXBuildFile; fileRef = 060CA8DF285228E50053196E /* ViewController.swift */; };
		060CA8E5285228E70053196E /* Assets.xcassets in Resources */ = {isa = PBXBuildFile; fileRef = 060CA8E4285228E70053196E /* Assets.xcassets */; };
		060CA8E8285228E70053196E /* LaunchScreen.storyboard in Resources */ = {isa = PBXBuildFile; fileRef = 060CA8E6285228E70053196E /* LaunchScreen.storyboard */; };
		1842D1EA28E55DFD00C5B830 /* FavouritesKey.swift in Sources */ = {isa = PBXBuildFile; fileRef = 1842D1E928E55DFD00C5B830 /* FavouritesKey.swift */; };
		1842D1EC28E55EC900C5B830 /* buttons.swift in Sources */ = {isa = PBXBuildFile; fileRef = 1842D1EB28E55EC900C5B830 /* buttons.swift */; };
		1842D1EE28E5650800C5B830 /* SampleResponse.swift in Sources */ = {isa = PBXBuildFile; fileRef = 1842D1ED28E5650800C5B830 /* SampleResponse.swift */; };
		1842D1F028E597E100C5B830 /* LoadingScreenView.swift in Sources */ = {isa = PBXBuildFile; fileRef = 1842D1EF28E597E100C5B830 /* LoadingScreenView.swift */; };
		185DCC7928E2C685003957F6 /* SnapKit in Frameworks */ = {isa = PBXBuildFile; productRef = 185DCC7828E2C685003957F6 /* SnapKit */; };
		185DCC7C28E2C6F6003957F6 /* CommonViewLoaderModel.swift in Sources */ = {isa = PBXBuildFile; fileRef = 185DCC7B28E2C6F6003957F6 /* CommonViewLoaderModel.swift */; };
		185DCC8028E2C962003957F6 /* APIRequest.swift in Sources */ = {isa = PBXBuildFile; fileRef = 185DCC7F28E2C962003957F6 /* APIRequest.swift */; };
		185DCC8228E2CA5E003957F6 /* UserModel.swift in Sources */ = {isa = PBXBuildFile; fileRef = 185DCC8128E2CA5E003957F6 /* UserModel.swift */; };
		185DCC8428E2CB39003957F6 /* APIRequestListViewModel.swift in Sources */ = {isa = PBXBuildFile; fileRef = 185DCC8328E2CB39003957F6 /* APIRequestListViewModel.swift */; };
		185DCC8728E2D232003957F6 /* NetworkManager.swift in Sources */ = {isa = PBXBuildFile; fileRef = 185DCC8628E2D232003957F6 /* NetworkManager.swift */; };
		185DCC8928E2D2CA003957F6 /* GenericAPI.swift in Sources */ = {isa = PBXBuildFile; fileRef = 185DCC8828E2D2CA003957F6 /* GenericAPI.swift */; };
		185DCC8D28E2D37F003957F6 /* Constant.swift in Sources */ = {isa = PBXBuildFile; fileRef = 185DCC8C28E2D37F003957F6 /* Constant.swift */; };
		185DCC8F28E2D472003957F6 /* APIPullRequest.swift in Sources */ = {isa = PBXBuildFile; fileRef = 185DCC8E28E2D472003957F6 /* APIPullRequest.swift */; };
		185DCC9228E2D8C2003957F6 /* APIRequestListTableView.swift in Sources */ = {isa = PBXBuildFile; fileRef = 185DCC9128E2D8C2003957F6 /* APIRequestListTableView.swift */; };
		189F895928E2F8DF00ABC042 /* LoaderTableView.swift in Sources */ = {isa = PBXBuildFile; fileRef = 189F895828E2F8DF00ABC042 /* LoaderTableView.swift */; };
		189F895B28E2F99800ABC042 /* UserDetailsView.swift in Sources */ = {isa = PBXBuildFile; fileRef = 189F895A28E2F99800ABC042 /* UserDetailsView.swift */; };
		189F895D28E2FC4B00ABC042 /* ProfileImageView.swift in Sources */ = {isa = PBXBuildFile; fileRef = 189F895C28E2FC4B00ABC042 /* ProfileImageView.swift */; };
		189F895F28E302F600ABC042 /* APIRequestListViewController.swift in Sources */ = {isa = PBXBuildFile; fileRef = 189F895E28E302F600ABC042 /* APIRequestListViewController.swift */; };
		189F896128E30C6F00ABC042 /* UserDetailsViewModel.swift in Sources */ = {isa = PBXBuildFile; fileRef = 189F896028E30C6F00ABC042 /* UserDetailsViewModel.swift */; };
		189F896328E3109400ABC042 /* UserDetailsAPI.swift in Sources */ = {isa = PBXBuildFile; fileRef = 189F896228E3109400ABC042 /* UserDetailsAPI.swift */; };
		189F896528E3160B00ABC042 /* UserDetailsViewController.swift in Sources */ = {isa = PBXBuildFile; fileRef = 189F896428E3160B00ABC042 /* UserDetailsViewController.swift */; };
/* End PBXBuildFile section */

/* Begin PBXFileReference section */
		060CA8D8285228E50053196E /* iOSLearningApp.app */ = {isa = PBXFileReference; explicitFileType = wrapper.application; includeInIndex = 0; path = iOSLearningApp.app; sourceTree = BUILT_PRODUCTS_DIR; };
		060CA8DB285228E50053196E /* AppDelegate.swift */ = {isa = PBXFileReference; lastKnownFileType = sourcecode.swift; path = AppDelegate.swift; sourceTree = "<group>"; };
		060CA8DD285228E50053196E /* SceneDelegate.swift */ = {isa = PBXFileReference; lastKnownFileType = sourcecode.swift; path = SceneDelegate.swift; sourceTree = "<group>"; };
		060CA8DF285228E50053196E /* ViewController.swift */ = {isa = PBXFileReference; lastKnownFileType = sourcecode.swift; path = ViewController.swift; sourceTree = "<group>"; };
		060CA8E4285228E70053196E /* Assets.xcassets */ = {isa = PBXFileReference; lastKnownFileType = folder.assetcatalog; path = Assets.xcassets; sourceTree = "<group>"; };
		060CA8E7285228E70053196E /* Base */ = {isa = PBXFileReference; lastKnownFileType = file.storyboard; name = Base; path = Base.lproj/LaunchScreen.storyboard; sourceTree = "<group>"; };
		060CA8E9285228E70053196E /* Info.plist */ = {isa = PBXFileReference; lastKnownFileType = text.plist.xml; path = Info.plist; sourceTree = "<group>"; };
		1842D1E928E55DFD00C5B830 /* FavouritesKey.swift */ = {isa = PBXFileReference; lastKnownFileType = sourcecode.swift; path = FavouritesKey.swift; sourceTree = "<group>"; };
		1842D1EB28E55EC900C5B830 /* buttons.swift */ = {isa = PBXFileReference; lastKnownFileType = sourcecode.swift; path = buttons.swift; sourceTree = "<group>"; };
		1842D1ED28E5650800C5B830 /* SampleResponse.swift */ = {isa = PBXFileReference; lastKnownFileType = sourcecode.swift; path = SampleResponse.swift; sourceTree = "<group>"; };
		1842D1EF28E597E100C5B830 /* LoadingScreenView.swift */ = {isa = PBXFileReference; lastKnownFileType = sourcecode.swift; path = LoadingScreenView.swift; sourceTree = "<group>"; };
		185DCC7B28E2C6F6003957F6 /* CommonViewLoaderModel.swift */ = {isa = PBXFileReference; lastKnownFileType = sourcecode.swift; path = CommonViewLoaderModel.swift; sourceTree = "<group>"; };
		185DCC7F28E2C962003957F6 /* APIRequest.swift */ = {isa = PBXFileReference; lastKnownFileType = sourcecode.swift; path = APIRequest.swift; sourceTree = "<group>"; };
		185DCC8128E2CA5E003957F6 /* UserModel.swift */ = {isa = PBXFileReference; lastKnownFileType = sourcecode.swift; path = UserModel.swift; sourceTree = "<group>"; };
		185DCC8328E2CB39003957F6 /* APIRequestListViewModel.swift */ = {isa = PBXFileReference; lastKnownFileType = sourcecode.swift; path = APIRequestListViewModel.swift; sourceTree = "<group>"; };
		185DCC8628E2D232003957F6 /* NetworkManager.swift */ = {isa = PBXFileReference; lastKnownFileType = sourcecode.swift; path = NetworkManager.swift; sourceTree = "<group>"; };
		185DCC8828E2D2CA003957F6 /* GenericAPI.swift */ = {isa = PBXFileReference; lastKnownFileType = sourcecode.swift; path = GenericAPI.swift; sourceTree = "<group>"; };
		185DCC8C28E2D37F003957F6 /* Constant.swift */ = {isa = PBXFileReference; lastKnownFileType = sourcecode.swift; path = Constant.swift; sourceTree = "<group>"; };
		185DCC8E28E2D472003957F6 /* APIPullRequest.swift */ = {isa = PBXFileReference; lastKnownFileType = sourcecode.swift; path = APIPullRequest.swift; sourceTree = "<group>"; };
		185DCC9128E2D8C2003957F6 /* APIRequestListTableView.swift */ = {isa = PBXFileReference; lastKnownFileType = sourcecode.swift; path = APIRequestListTableView.swift; sourceTree = "<group>"; };
		189F895828E2F8DF00ABC042 /* LoaderTableView.swift */ = {isa = PBXFileReference; lastKnownFileType = sourcecode.swift; path = LoaderTableView.swift; sourceTree = "<group>"; };
		189F895A28E2F99800ABC042 /* UserDetailsView.swift */ = {isa = PBXFileReference; lastKnownFileType = sourcecode.swift; path = UserDetailsView.swift; sourceTree = "<group>"; };
		189F895C28E2FC4B00ABC042 /* ProfileImageView.swift */ = {isa = PBXFileReference; lastKnownFileType = sourcecode.swift; path = ProfileImageView.swift; sourceTree = "<group>"; };
		189F895E28E302F600ABC042 /* APIRequestListViewController.swift */ = {isa = PBXFileReference; lastKnownFileType = sourcecode.swift; path = APIRequestListViewController.swift; sourceTree = "<group>"; };
		189F896028E30C6F00ABC042 /* UserDetailsViewModel.swift */ = {isa = PBXFileReference; lastKnownFileType = sourcecode.swift; path = UserDetailsViewModel.swift; sourceTree = "<group>"; };
		189F896228E3109400ABC042 /* UserDetailsAPI.swift */ = {isa = PBXFileReference; lastKnownFileType = sourcecode.swift; path = UserDetailsAPI.swift; sourceTree = "<group>"; };
		189F896428E3160B00ABC042 /* UserDetailsViewController.swift */ = {isa = PBXFileReference; lastKnownFileType = sourcecode.swift; path = UserDetailsViewController.swift; sourceTree = "<group>"; };
/* End PBXFileReference section */

/* Begin PBXFrameworksBuildPhase section */
		060CA8D5285228E50053196E /* Frameworks */ = {
			isa = PBXFrameworksBuildPhase;
			buildActionMask = 2147483647;
			files = (
				185DCC7928E2C685003957F6 /* SnapKit in Frameworks */,
			);
			runOnlyForDeploymentPostprocessing = 0;
		};
/* End PBXFrameworksBuildPhase section */

/* Begin PBXGroup section */
		060CA8CF285228E50053196E = {
			isa = PBXGroup;
			children = (
				060CA8DA285228E50053196E /* iOSLearningApp */,
				060CA8D9285228E50053196E /* Products */,
			);
			sourceTree = "<group>";
		};
		060CA8D9285228E50053196E /* Products */ = {
			isa = PBXGroup;
			children = (
				060CA8D8285228E50053196E /* iOSLearningApp.app */,
			);
			name = Products;
			sourceTree = "<group>";
		};
		060CA8DA285228E50053196E /* iOSLearningApp */ = {
			isa = PBXGroup;
			children = (
				185DCC9028E2D8A7003957F6 /* Views */,
				185DCC8A28E2D358003957F6 /* Common */,
				185DCC8528E2CC80003957F6 /* NetworkManager */,
				185DCC7D28E2C932003957F6 /* CommonModels */,
				185DCC7A28E2C6DF003957F6 /* ViewsModels */,
				185DCC7428E2C608003957F6 /* ViewControllers */,
				060CA8DB285228E50053196E /* AppDelegate.swift */,
				060CA8DD285228E50053196E /* SceneDelegate.swift */,
				060CA8DF285228E50053196E /* ViewController.swift */,
				060CA8E4285228E70053196E /* Assets.xcassets */,
				060CA8E6285228E70053196E /* LaunchScreen.storyboard */,
				060CA8E9285228E70053196E /* Info.plist */,
			);
			path = iOSLearningApp;
			sourceTree = "<group>";
		};
		185DCC7428E2C608003957F6 /* ViewControllers */ = {
			isa = PBXGroup;
			children = (
				189F895E28E302F600ABC042 /* APIRequestListViewController.swift */,
				189F896428E3160B00ABC042 /* UserDetailsViewController.swift */,
			);
			path = ViewControllers;
			sourceTree = "<group>";
		};
		185DCC7A28E2C6DF003957F6 /* ViewsModels */ = {
			isa = PBXGroup;
			children = (
				185DCC8328E2CB39003957F6 /* APIRequestListViewModel.swift */,
				189F896028E30C6F00ABC042 /* UserDetailsViewModel.swift */,
			);
			path = ViewsModels;
			sourceTree = "<group>";
		};
		185DCC7D28E2C932003957F6 /* CommonModels */ = {
			isa = PBXGroup;
			children = (
				185DCC7B28E2C6F6003957F6 /* CommonViewLoaderModel.swift */,
				185DCC7F28E2C962003957F6 /* APIRequest.swift */,
				185DCC8128E2CA5E003957F6 /* UserModel.swift */,
			);
			path = CommonModels;
			sourceTree = "<group>";
		};
		185DCC8528E2CC80003957F6 /* NetworkManager */ = {
			isa = PBXGroup;
			children = (
				185DCC8628E2D232003957F6 /* NetworkManager.swift */,
				185DCC8828E2D2CA003957F6 /* GenericAPI.swift */,
				185DCC8E28E2D472003957F6 /* APIPullRequest.swift */,
				189F896228E3109400ABC042 /* UserDetailsAPI.swift */,
				1842D1ED28E5650800C5B830 /* SampleResponse.swift */,
			);
			path = NetworkManager;
			sourceTree = "<group>";
		};
		185DCC8A28E2D358003957F6 /* Common */ = {
			isa = PBXGroup;
			children = (
				185DCC8C28E2D37F003957F6 /* Constant.swift */,
				1842D1E928E55DFD00C5B830 /* FavouritesKey.swift */,
				1842D1EB28E55EC900C5B830 /* buttons.swift */,
			);
			path = Common;
			sourceTree = "<group>";
		};
		185DCC9028E2D8A7003957F6 /* Views */ = {
			isa = PBXGroup;
			children = (
				185DCC9128E2D8C2003957F6 /* APIRequestListTableView.swift */,
				189F895828E2F8DF00ABC042 /* LoaderTableView.swift */,
				189F895A28E2F99800ABC042 /* UserDetailsView.swift */,
				189F895C28E2FC4B00ABC042 /* ProfileImageView.swift */,
				1842D1EF28E597E100C5B830 /* LoadingScreenView.swift */,
			);
			path = Views;
			sourceTree = "<group>";
		};
/* End PBXGroup section */

/* Begin PBXNativeTarget section */
		060CA8D7285228E50053196E /* iOSLearningApp */ = {
			isa = PBXNativeTarget;
			buildConfigurationList = 060CA8EC285228E70053196E /* Build configuration list for PBXNativeTarget "iOSLearningApp" */;
			buildPhases = (
				060CA8D4285228E50053196E /* Sources */,
				060CA8D5285228E50053196E /* Frameworks */,
				060CA8D6285228E50053196E /* Resources */,
			);
			buildRules = (
			);
			dependencies = (
			);
			name = iOSLearningApp;
			packageProductDependencies = (
				185DCC7828E2C685003957F6 /* SnapKit */,
			);
			productName = iOSLearningApp;
			productReference = 060CA8D8285228E50053196E /* iOSLearningApp.app */;
			productType = "com.apple.product-type.application";
		};
/* End PBXNativeTarget section */

/* Begin PBXProject section */
		060CA8D0285228E50053196E /* Project object */ = {
			isa = PBXProject;
			attributes = {
				BuildIndependentTargetsInParallel = 1;
				LastSwiftUpdateCheck = 1330;
				LastUpgradeCheck = 1330;
				TargetAttributes = {
					060CA8D7285228E50053196E = {
						CreatedOnToolsVersion = 13.3.1;
					};
				};
			};
			buildConfigurationList = 060CA8D3285228E50053196E /* Build configuration list for PBXProject "iOSLearningApp" */;
			compatibilityVersion = "Xcode 13.0";
			developmentRegion = en;
			hasScannedForEncodings = 0;
			knownRegions = (
				en,
				Base,
			);
			mainGroup = 060CA8CF285228E50053196E;
			packageReferences = (
				185DCC7728E2C685003957F6 /* XCRemoteSwiftPackageReference "SnapKit" */,
			);
			productRefGroup = 060CA8D9285228E50053196E /* Products */;
			projectDirPath = "";
			projectRoot = "";
			targets = (
				060CA8D7285228E50053196E /* iOSLearningApp */,
			);
		};
/* End PBXProject section */

/* Begin PBXResourcesBuildPhase section */
		060CA8D6285228E50053196E /* Resources */ = {
			isa = PBXResourcesBuildPhase;
			buildActionMask = 2147483647;
			files = (
				060CA8E8285228E70053196E /* LaunchScreen.storyboard in Resources */,
				060CA8E5285228E70053196E /* Assets.xcassets in Resources */,
			);
			runOnlyForDeploymentPostprocessing = 0;
		};
/* End PBXResourcesBuildPhase section */

/* Begin PBXSourcesBuildPhase section */
		060CA8D4285228E50053196E /* Sources */ = {
			isa = PBXSourcesBuildPhase;
			buildActionMask = 2147483647;
			files = (
				189F895D28E2FC4B00ABC042 /* ProfileImageView.swift in Sources */,
				185DCC8728E2D232003957F6 /* NetworkManager.swift in Sources */,
				185DCC8028E2C962003957F6 /* APIRequest.swift in Sources */,
				185DCC8228E2CA5E003957F6 /* UserModel.swift in Sources */,
				185DCC7C28E2C6F6003957F6 /* CommonViewLoaderModel.swift in Sources */,
				185DCC8428E2CB39003957F6 /* APIRequestListViewModel.swift in Sources */,
				185DCC9228E2D8C2003957F6 /* APIRequestListTableView.swift in Sources */,
				189F895F28E302F600ABC042 /* APIRequestListViewController.swift in Sources */,
				189F896328E3109400ABC042 /* UserDetailsAPI.swift in Sources */,
				1842D1EE28E5650800C5B830 /* SampleResponse.swift in Sources */,
				189F896128E30C6F00ABC042 /* UserDetailsViewModel.swift in Sources */,
				185DCC8928E2D2CA003957F6 /* GenericAPI.swift in Sources */,
				189F895928E2F8DF00ABC042 /* LoaderTableView.swift in Sources */,
				060CA8E0285228E50053196E /* ViewController.swift in Sources */,
				1842D1F028E597E100C5B830 /* LoadingScreenView.swift in Sources */,
				1842D1EC28E55EC900C5B830 /* buttons.swift in Sources */,
				189F896528E3160B00ABC042 /* UserDetailsViewController.swift in Sources */,
				189F895B28E2F99800ABC042 /* UserDetailsView.swift in Sources */,
				1842D1EA28E55DFD00C5B830 /* FavouritesKey.swift in Sources */,
				185DCC8D28E2D37F003957F6 /* Constant.swift in Sources */,
				060CA8DC285228E50053196E /* AppDelegate.swift in Sources */,
				060CA8DE285228E50053196E /* SceneDelegate.swift in Sources */,
				185DCC8F28E2D472003957F6 /* APIPullRequest.swift in Sources */,
			);
			runOnlyForDeploymentPostprocessing = 0;
		};
/* End PBXSourcesBuildPhase section */

/* Begin PBXVariantGroup section */
		060CA8E6285228E70053196E /* LaunchScreen.storyboard */ = {
			isa = PBXVariantGroup;
			children = (
				060CA8E7285228E70053196E /* Base */,
			);
			name = LaunchScreen.storyboard;
			sourceTree = "<group>";
		};
/* End PBXVariantGroup section */

/* Begin XCBuildConfiguration section */
		060CA8EA285228E70053196E /* Debug */ = {
			isa = XCBuildConfiguration;
			buildSettings = {
				ALWAYS_SEARCH_USER_PATHS = NO;
				CLANG_ANALYZER_NONNULL = YES;
				CLANG_ANALYZER_NUMBER_OBJECT_CONVERSION = YES_AGGRESSIVE;
				CLANG_CXX_LANGUAGE_STANDARD = "gnu++17";
				CLANG_ENABLE_MODULES = YES;
				CLANG_ENABLE_OBJC_ARC = YES;
				CLANG_ENABLE_OBJC_WEAK = YES;
				CLANG_WARN_BLOCK_CAPTURE_AUTORELEASING = YES;
				CLANG_WARN_BOOL_CONVERSION = YES;
				CLANG_WARN_COMMA = YES;
				CLANG_WARN_CONSTANT_CONVERSION = YES;
				CLANG_WARN_DEPRECATED_OBJC_IMPLEMENTATIONS = YES;
				CLANG_WARN_DIRECT_OBJC_ISA_USAGE = YES_ERROR;
				CLANG_WARN_DOCUMENTATION_COMMENTS = YES;
				CLANG_WARN_EMPTY_BODY = YES;
				CLANG_WARN_ENUM_CONVERSION = YES;
				CLANG_WARN_INFINITE_RECURSION = YES;
				CLANG_WARN_INT_CONVERSION = YES;
				CLANG_WARN_NON_LITERAL_NULL_CONVERSION = YES;
				CLANG_WARN_OBJC_IMPLICIT_RETAIN_SELF = YES;
				CLANG_WARN_OBJC_LITERAL_CONVERSION = YES;
				CLANG_WARN_OBJC_ROOT_CLASS = YES_ERROR;
				CLANG_WARN_QUOTED_INCLUDE_IN_FRAMEWORK_HEADER = YES;
				CLANG_WARN_RANGE_LOOP_ANALYSIS = YES;
				CLANG_WARN_STRICT_PROTOTYPES = YES;
				CLANG_WARN_SUSPICIOUS_MOVE = YES;
				CLANG_WARN_UNGUARDED_AVAILABILITY = YES_AGGRESSIVE;
				CLANG_WARN_UNREACHABLE_CODE = YES;
				CLANG_WARN__DUPLICATE_METHOD_MATCH = YES;
				COPY_PHASE_STRIP = NO;
				DEBUG_INFORMATION_FORMAT = dwarf;
				ENABLE_STRICT_OBJC_MSGSEND = YES;
				ENABLE_TESTABILITY = YES;
				ENABLE_TESTING_SEARCH_PATHS = YES;
				GCC_C_LANGUAGE_STANDARD = gnu11;
				GCC_DYNAMIC_NO_PIC = NO;
				GCC_NO_COMMON_BLOCKS = YES;
				GCC_OPTIMIZATION_LEVEL = 0;
				GCC_PREPROCESSOR_DEFINITIONS = (
					"DEBUG=1",
					"$(inherited)",
				);
				GCC_WARN_64_TO_32_BIT_CONVERSION = YES;
				GCC_WARN_ABOUT_RETURN_TYPE = YES_ERROR;
				GCC_WARN_UNDECLARED_SELECTOR = YES;
				GCC_WARN_UNINITIALIZED_AUTOS = YES_AGGRESSIVE;
				GCC_WARN_UNUSED_FUNCTION = YES;
				GCC_WARN_UNUSED_VARIABLE = YES;
				IPHONEOS_DEPLOYMENT_TARGET = 15.0;
				MTL_ENABLE_DEBUG_INFO = INCLUDE_SOURCE;
				MTL_FAST_MATH = YES;
				ONLY_ACTIVE_ARCH = YES;
				SDKROOT = iphoneos;
				SWIFT_ACTIVE_COMPILATION_CONDITIONS = DEBUG;
				SWIFT_OPTIMIZATION_LEVEL = "-Onone";
			};
			name = Debug;
		};
		060CA8EB285228E70053196E /* Release */ = {
			isa = XCBuildConfiguration;
			buildSettings = {
				ALWAYS_SEARCH_USER_PATHS = NO;
				CLANG_ANALYZER_NONNULL = YES;
				CLANG_ANALYZER_NUMBER_OBJECT_CONVERSION = YES_AGGRESSIVE;
				CLANG_CXX_LANGUAGE_STANDARD = "gnu++17";
				CLANG_ENABLE_MODULES = YES;
				CLANG_ENABLE_OBJC_ARC = YES;
				CLANG_ENABLE_OBJC_WEAK = YES;
				CLANG_WARN_BLOCK_CAPTURE_AUTORELEASING = YES;
				CLANG_WARN_BOOL_CONVERSION = YES;
				CLANG_WARN_COMMA = YES;
				CLANG_WARN_CONSTANT_CONVERSION = YES;
				CLANG_WARN_DEPRECATED_OBJC_IMPLEMENTATIONS = YES;
				CLANG_WARN_DIRECT_OBJC_ISA_USAGE = YES_ERROR;
				CLANG_WARN_DOCUMENTATION_COMMENTS = YES;
				CLANG_WARN_EMPTY_BODY = YES;
				CLANG_WARN_ENUM_CONVERSION = YES;
				CLANG_WARN_INFINITE_RECURSION = YES;
				CLANG_WARN_INT_CONVERSION = YES;
				CLANG_WARN_NON_LITERAL_NULL_CONVERSION = YES;
				CLANG_WARN_OBJC_IMPLICIT_RETAIN_SELF = YES;
				CLANG_WARN_OBJC_LITERAL_CONVERSION = YES;
				CLANG_WARN_OBJC_ROOT_CLASS = YES_ERROR;
				CLANG_WARN_QUOTED_INCLUDE_IN_FRAMEWORK_HEADER = YES;
				CLANG_WARN_RANGE_LOOP_ANALYSIS = YES;
				CLANG_WARN_STRICT_PROTOTYPES = YES;
				CLANG_WARN_SUSPICIOUS_MOVE = YES;
				CLANG_WARN_UNGUARDED_AVAILABILITY = YES_AGGRESSIVE;
				CLANG_WARN_UNREACHABLE_CODE = YES;
				CLANG_WARN__DUPLICATE_METHOD_MATCH = YES;
				COPY_PHASE_STRIP = NO;
				DEBUG_INFORMATION_FORMAT = "dwarf-with-dsym";
				ENABLE_NS_ASSERTIONS = NO;
				ENABLE_STRICT_OBJC_MSGSEND = YES;
				ENABLE_TESTING_SEARCH_PATHS = YES;
				GCC_C_LANGUAGE_STANDARD = gnu11;
				GCC_NO_COMMON_BLOCKS = YES;
				GCC_WARN_64_TO_32_BIT_CONVERSION = YES;
				GCC_WARN_ABOUT_RETURN_TYPE = YES_ERROR;
				GCC_WARN_UNDECLARED_SELECTOR = YES;
				GCC_WARN_UNINITIALIZED_AUTOS = YES_AGGRESSIVE;
				GCC_WARN_UNUSED_FUNCTION = YES;
				GCC_WARN_UNUSED_VARIABLE = YES;
				IPHONEOS_DEPLOYMENT_TARGET = 15.0;
				MTL_ENABLE_DEBUG_INFO = NO;
				MTL_FAST_MATH = YES;
				SDKROOT = iphoneos;
				SWIFT_COMPILATION_MODE = wholemodule;
				SWIFT_OPTIMIZATION_LEVEL = "-O";
				VALIDATE_PRODUCT = YES;
			};
			name = Release;
		};
		060CA8ED285228E70053196E /* Debug */ = {
			isa = XCBuildConfiguration;
			buildSettings = {
				ASSETCATALOG_COMPILER_APPICON_NAME = AppIcon;
				ASSETCATALOG_COMPILER_GLOBAL_ACCENT_COLOR_NAME = AccentColor;
				CODE_SIGN_STYLE = Automatic;
				CURRENT_PROJECT_VERSION = 1;
				GENERATE_INFOPLIST_FILE = YES;
				INFOPLIST_FILE = iOSLearningApp/Info.plist;
				INFOPLIST_KEY_UIApplicationSupportsIndirectInputEvents = YES;
				INFOPLIST_KEY_UILaunchStoryboardName = LaunchScreen;
				INFOPLIST_KEY_UISupportedInterfaceOrientations_iPad = "UIInterfaceOrientationPortrait UIInterfaceOrientationPortraitUpsideDown UIInterfaceOrientationLandscapeLeft UIInterfaceOrientationLandscapeRight";
				INFOPLIST_KEY_UISupportedInterfaceOrientations_iPhone = "UIInterfaceOrientationPortrait UIInterfaceOrientationLandscapeLeft UIInterfaceOrientationLandscapeRight";
				LD_RUNPATH_SEARCH_PATHS = (
					"$(inherited)",
					"@executable_path/Frameworks",
				);
				MARKETING_VERSION = 1.0;
				PRODUCT_BUNDLE_IDENTIFIER = com.gonavi.app.iOSLearningApp;
				PRODUCT_NAME = "$(TARGET_NAME)";
				SWIFT_EMIT_LOC_STRINGS = YES;
				SWIFT_VERSION = 5.0;
				TARGETED_DEVICE_FAMILY = 1;
			};
			name = Debug;
		};
		060CA8EE285228E70053196E /* Release */ = {
			isa = XCBuildConfiguration;
			buildSettings = {
				ASSETCATALOG_COMPILER_APPICON_NAME = AppIcon;
				ASSETCATALOG_COMPILER_GLOBAL_ACCENT_COLOR_NAME = AccentColor;
				CODE_SIGN_STYLE = Automatic;
				CURRENT_PROJECT_VERSION = 1;
				GENERATE_INFOPLIST_FILE = YES;
				INFOPLIST_FILE = iOSLearningApp/Info.plist;
				INFOPLIST_KEY_UIApplicationSupportsIndirectInputEvents = YES;
				INFOPLIST_KEY_UILaunchStoryboardName = LaunchScreen;
				INFOPLIST_KEY_UISupportedInterfaceOrientations_iPad = "UIInterfaceOrientationPortrait UIInterfaceOrientationPortraitUpsideDown UIInterfaceOrientationLandscapeLeft UIInterfaceOrientationLandscapeRight";
				INFOPLIST_KEY_UISupportedInterfaceOrientations_iPhone = "UIInterfaceOrientationPortrait UIInterfaceOrientationLandscapeLeft UIInterfaceOrientationLandscapeRight";
				LD_RUNPATH_SEARCH_PATHS = (
					"$(inherited)",
					"@executable_path/Frameworks",
				);
				MARKETING_VERSION = 1.0;
				PRODUCT_BUNDLE_IDENTIFIER = com.gonavi.app.iOSLearningApp;
				PRODUCT_NAME = "$(TARGET_NAME)";
				SWIFT_EMIT_LOC_STRINGS = YES;
				SWIFT_VERSION = 5.0;
				TARGETED_DEVICE_FAMILY = 1;
			};
			name = Release;
		};
/* End XCBuildConfiguration section */

/* Begin XCConfigurationList section */
		060CA8D3285228E50053196E /* Build configuration list for PBXProject "iOSLearningApp" */ = {
			isa = XCConfigurationList;
			buildConfigurations = (
				060CA8EA285228E70053196E /* Debug */,
				060CA8EB285228E70053196E /* Release */,
			);
			defaultConfigurationIsVisible = 0;
			defaultConfigurationName = Release;
		};
		060CA8EC285228E70053196E /* Build configuration list for PBXNativeTarget "iOSLearningApp" */ = {
			isa = XCConfigurationList;
			buildConfigurations = (
				060CA8ED285228E70053196E /* Debug */,
				060CA8EE285228E70053196E /* Release */,
			);
			defaultConfigurationIsVisible = 0;
			defaultConfigurationName = Release;
		};
/* End XCConfigurationList section */

/* Begin XCRemoteSwiftPackageReference section */
		185DCC7728E2C685003957F6 /* XCRemoteSwiftPackageReference "SnapKit" */ = {
			isa = XCRemoteSwiftPackageReference;
			repositoryURL = "https://github.com/SnapKit/SnapKit";
			requirement = {
				kind = exactVersion;
				version = 5.6.0;
			};
		};
/* End XCRemoteSwiftPackageReference section */

/* Begin XCSwiftPackageProductDependency section */
		185DCC7828E2C685003957F6 /* SnapKit */ = {
			isa = XCSwiftPackageProductDependency;
			package = 185DCC7728E2C685003957F6 /* XCRemoteSwiftPackageReference "SnapKit" */;
			productName = SnapKit;
		};
/* End XCSwiftPackageProductDependency section */
	};
	rootObject = 060CA8D0285228E50053196E /* Project object */;
}
